{
    "abraham/twitteroauth": {
        "version": "1.1.0"
    },
    "amphp/amp": {
        "version": "v2.5.2"
    },
    "amphp/byte-stream": {
        "version": "v1.8.1"
    },
    "aws/aws-crt-php": {
        "version": "v1.0.2"
    },
    "aws/aws-sdk-php": {
        "version": "3.154.4"
    },
    "babdev/pagerfanta-bundle": {
        "version": "v3.7.0"
    },
    "beberlei/doctrineextensions": {
        "version": "v1.2.7"
    },
    "behat/transliterator": {
        "version": "v1.3.0"
    },
    "clue/stream-filter": {
        "version": "v1.4.1"
    },
    "composer/ca-bundle": {
        "version": "1.2.8"
    },
    "composer/package-versions-deprecated": {
        "version": "1.11.99"
    },
    "composer/pcre": {
        "version": "3.0.0"
    },
    "composer/semver": {
        "version": "3.2.5"
    },
    "composer/xdebug-handler": {
        "version": "2.0.1"
    },
    "dnoegel/php-xdg-base-dir": {
        "version": "v0.1.1"
    },
    "doctrine/annotations": {
        "version": "1.13",
        "recipe": {
            "repo": "github.com/symfony/recipes",
            "branch": "main",
            "version": "1.10",
            "ref": "64d8583af5ea57b7afa4aba4b159907f3a148b05"
        }
    },
    "doctrine/cache": {
        "version": "1.10.2"
    },
    "doctrine/collections": {
        "version": "1.6.7"
    },
    "doctrine/common": {
        "version": "2.13.3"
    },
    "doctrine/dbal": {
        "version": "2.10.4"
    },
    "doctrine/deprecations": {
        "version": "v0.5.3"
    },
    "doctrine/doctrine-bundle": {
        "version": "2.7",
        "recipe": {
            "repo": "github.com/symfony/recipes",
            "branch": "main",
            "version": "2.4",
            "ref": "ddddd8249dd55bbda16fa7a45bb7499ef6f8e90e"
        },
        "files": [
            "config/packages/doctrine.yaml",
            "src/Entity/.gitignore",
            "src/Repository/.gitignore"
        ]
    },
    "doctrine/doctrine-migrations-bundle": {
        "version": "3.2",
        "recipe": {
            "repo": "github.com/symfony/recipes",
            "branch": "main",
            "version": "3.1",
            "ref": "ee609429c9ee23e22d6fa5728211768f51ed2818"
        },
        "files": [
            "config/packages/doctrine_migrations.yaml",
            "migrations/.gitignore"
        ]
    },
    "doctrine/event-manager": {
        "version": "1.1.1"
    },
    "doctrine/inflector": {
        "version": "1.4.3"
    },
    "doctrine/instantiator": {
        "version": "1.3.1"
    },
    "doctrine/lexer": {
        "version": "1.2.1"
    },
    "doctrine/migrations": {
        "version": "3.0.1"
    },
    "doctrine/orm": {
        "version": "v2.7.3"
    },
    "doctrine/persistence": {
        "version": "1.3.8"
    },
    "doctrine/sql-formatter": {
        "version": "1.1.1"
    },
    "easycorp/easyadmin-bundle": {
        "version": "4.3",
        "recipe": {
            "repo": "github.com/symfony/recipes",
            "branch": "main",
            "version": "3.0",
            "ref": "b131e6cbfe1b898a508987851963fff485986285"
        }
    },
    "egulias/email-validator": {
        "version": "2.1.20"
    },
    "elasticsearch/elasticsearch": {
        "version": "v6.7.2"
    },
    "erusev/parsedown": {
        "version": "1.7.4"
    },
    "ezimuel/guzzlestreams": {
        "version": "3.0.1"
    },
    "ezimuel/ringphp": {
        "version": "1.2.0"
    },
    "felixfbecker/advanced-json-rpc": {
        "version": "v3.2.1"
    },
    "felixfbecker/language-server-protocol": {
        "version": "1.5.1"
    },
    "friendsofphp/proxy-manager-lts": {
        "version": "v1.0.2"
    },
    "friendsofsymfony/elastica-bundle": {
        "version": "5.0",
        "recipe": {
            "repo": "github.com/symfony/recipes-contrib",
            "branch": "master",
            "version": "5.0",
            "ref": "46c9cd2c1e07f0fcfd97e96f12b03b2e0845c4cd"
        },
        "files": [
            "config/packages/fos_elastica.yaml"
        ]
    },
    "friendsofsymfony/http-cache": {
        "version": "2.9.2"
    },
    "friendsofsymfony/http-cache-bundle": {
        "version": "2.12.1"
    },
    "gedmo/doctrine-extensions": {
        "version": "v2.4.42"
    },
    "google/recaptcha": {
        "version": "1.2",
        "recipe": {
            "repo": "github.com/symfony/recipes-contrib",
            "branch": "main",
            "version": "1.1",
            "ref": "e5a4aa21f2e98d7440ae9aab6b56e307f99dd084"
        },
        "files": [
            "config/packages/google_recaptcha.yaml"
        ]
    },
    "guzzlehttp/guzzle": {
        "version": "7.0.1"
    },
    "guzzlehttp/promises": {
        "version": "v1.3.1"
    },
    "guzzlehttp/psr7": {
        "version": "1.6.1"
    },
    "http-interop/http-factory-guzzle": {
        "version": "1.0.0"
    },
    "intervention/image": {
        "version": "2.5.1"
    },
    "jean85/pretty-package-versions": {
        "version": "1.5.1"
    },
    "jms/metadata": {
        "version": "2.3.0"
    },
    "jms/serializer": {
        "version": "3.9.0"
    },
    "jms/serializer-bundle": {
        "version": "3.0",
        "recipe": {
            "repo": "github.com/symfony/recipes-contrib",
            "branch": "master",
            "version": "3.0",
            "ref": "384cec52df45f3bfd46a09930d6960a58872b268"
        },
        "files": [
            "config/packages/dev/jms_serializer.yaml",
            "config/packages/jms_serializer.yaml",
            "config/packages/prod/jms_serializer.yaml"
        ]
    },
    "knpuniversity/oauth2-client-bundle": {
        "version": "2.10",
        "recipe": {
            "repo": "github.com/symfony/recipes-contrib",
            "branch": "main",
            "version": "1.20",
            "ref": "1ff300d8c030f55c99219cc55050b97a695af3f6"
        },
        "files": [
            "config/packages/knpu_oauth2_client.yaml"
        ]
    },
    "laminas/laminas-code": {
        "version": "3.4.1"
    },
    "league/flysystem": {
        "version": "1.1.3"
    },
    "league/flysystem-aws-s3-v3": {
        "version": "1.0.28"
    },
    "league/flysystem-bundle": {
        "version": "2.2",
        "recipe": {
            "repo": "github.com/symfony/recipes",
            "branch": "main",
            "version": "1.0",
            "ref": "913dc3d7a5a1af0d2b044c5ac3a16e2f851d7380"
        },
        "files": [
            "config/packages/flysystem.yaml",
            "var/storage/.gitignore"
        ]
    },
    "league/glide": {
        "version": "1.6.0"
    },
    "league/glide-symfony": {
        "version": "1.0.4"
    },
    "league/mime-type-detection": {
        "version": "1.4.0"
    },
    "league/oauth2-client": {
        "version": "2.5.0"
    },
    "league/oauth2-facebook": {
        "version": "2.0.2"
    },
    "league/oauth2-google": {
        "version": "3.0.3"
    },
    "mhujer/breadcrumbs-bundle": {
        "version": "1.5.8"
    },
    "monolog/monolog": {
        "version": "2.1.1"
    },
    "mtdowling/jmespath.php": {
        "version": "2.6.0"
    },
    "myclabs/deep-copy": {
        "version": "1.10.2"
    },
    "neitanod/forceutf8": {
        "version": "v2.0.4"
    },
    "netresearch/jsonmapper": {
        "version": "v4.0.0"
    },
    "nikic/php-parser": {
        "version": "v4.9.1"
    },
    "nyholm/dsn": {
        "version": "2.0.1"
    },
    "nyholm/psr7": {
        "version": "1.0",
        "recipe": {
            "repo": "github.com/symfony/recipes",
            "branch": "master",
            "version": "1.0",
            "ref": "0cd4d2d0e7f646fda75f9944f747a56e6ed13d4c"
        },
        "files": [
            "config/packages/nyholm_psr7.yaml"
        ]
    },
    "pagerfanta/pagerfanta": {
        "version": "v2.4.1"
    },
    "paragonie/constant_time_encoding": {
        "version": "v2.4.0"
    },
    "paragonie/random_compat": {
        "version": "v9.99.99"
    },
    "phar-io/manifest": {
        "version": "2.0.1"
    },
    "phar-io/version": {
        "version": "3.1.0"
    },
    "php-amqplib/php-amqplib": {
        "version": "v2.12.0"
    },
    "php-amqplib/rabbitmq-bundle": {
        "version": "1.12",
        "recipe": {
            "repo": "github.com/symfony/recipes-contrib",
            "branch": "master",
            "version": "1.12",
            "ref": "ce3ca2e4577270c4f518539aa6b9e878998fcfef"
        },
        "files": [
            "config/packages/old_sound_rabbit_mq.yaml",
            "src/Consumer/.gitignore"
        ]
    },
    "php-http/client-common": {
        "version": "2.3.0"
    },
    "php-http/discovery": {
        "version": "1.10.0"
    },
    "php-http/httplug": {
        "version": "2.2.0"
    },
    "php-http/message": {
        "version": "1.9.0"
    },
    "php-http/message-factory": {
        "version": "v1.0.2"
    },
    "php-http/promise": {
        "version": "1.1.0"
    },
    "phpdocumentor/reflection-common": {
        "version": "2.2.0"
    },
    "phpdocumentor/reflection-docblock": {
        "version": "5.2.2"
    },
    "phpdocumentor/type-resolver": {
        "version": "1.4.0"
    },
    "phpseclib/phpseclib": {
        "version": "2.0.29"
    },
    "phpspec/prophecy": {
        "version": "1.13.0"
    },
    "phpstan/phpdoc-parser": {
        "version": "0.4.9"
    },
    "phpstan/phpstan": {
        "version": "0.12.42"
    },
    "phpunit/php-code-coverage": {
        "version": "9.2.6"
    },
    "phpunit/php-file-iterator": {
        "version": "3.0.5"
    },
    "phpunit/php-invoker": {
        "version": "3.1.1"
    },
    "phpunit/php-text-template": {
        "version": "2.0.4"
    },
    "phpunit/php-timer": {
        "version": "5.0.3"
    },
    "phpunit/phpunit": {
        "version": "9.5",
        "recipe": {
            "repo": "github.com/symfony/recipes",
            "branch": "main",
            "version": "9.3",
            "ref": "a6249a6c4392e9169b87abf93225f7f9f59025e6"
        },
        "files": [
            ".env.test",
            "phpunit.xml.dist",
            "tests/bootstrap.php"
        ]
    },
    "presta/sitemap-bundle": {
        "version": "v3.3.0"
    },
    "psr/cache": {
        "version": "1.0.1"
    },
    "psr/container": {
        "version": "1.0.0"
    },
    "psr/event-dispatcher": {
        "version": "1.0.0"
    },
    "psr/http-client": {
        "version": "1.0.1"
    },
    "psr/http-factory": {
        "version": "1.0.1"
    },
    "psr/http-message": {
        "version": "1.0.1"
    },
    "psr/link": {
        "version": "1.0.0"
    },
    "psr/log": {
        "version": "1.1.3"
    },
    "ralouphie/getallheaders": {
        "version": "3.0.3"
    },
    "react/promise": {
        "version": "v2.8.0"
    },
    "rector/rector": {
        "version": "v0.7.65"
    },
    "ruflin/elastica": {
        "version": "6.1.1"
    },
    "sebastian/cli-parser": {
        "version": "1.0.1"
    },
    "sebastian/code-unit": {
        "version": "1.0.8"
    },
    "sebastian/code-unit-reverse-lookup": {
        "version": "2.0.3"
    },
    "sebastian/comparator": {
        "version": "4.0.6"
    },
    "sebastian/complexity": {
        "version": "2.0.2"
    },
    "sebastian/diff": {
        "version": "4.0.2"
    },
    "sebastian/environment": {
        "version": "5.1.3"
    },
    "sebastian/exporter": {
        "version": "4.0.3"
    },
    "sebastian/global-state": {
        "version": "5.0.2"
    },
    "sebastian/lines-of-code": {
        "version": "1.0.3"
    },
    "sebastian/object-enumerator": {
        "version": "4.0.4"
    },
    "sebastian/object-reflector": {
        "version": "2.0.4"
    },
    "sebastian/recursion-context": {
        "version": "4.0.4"
    },
    "sebastian/resource-operations": {
        "version": "3.0.3"
    },
    "sebastian/type": {
        "version": "2.3.1"
    },
    "sebastian/version": {
        "version": "3.0.2"
    },
    "sensio/framework-extra-bundle": {
        "version": "5.2",
        "recipe": {
            "repo": "github.com/symfony/recipes",
            "branch": "master",
            "version": "5.2",
            "ref": "fb7e19da7f013d0d422fa9bce16f5c510e27609b"
        }
    },
    "sentry/sdk": {
        "version": "2.2.0"
    },
    "sentry/sentry": {
        "version": "2.5.0"
    },
    "sentry/sentry-symfony": {
        "version": "4.3",
        "recipe": {
            "repo": "github.com/symfony/recipes-contrib",
            "branch": "main",
            "version": "3.0",
            "ref": "cdf32ecd5481af45f42502e3dee0db160226e8d4"
        },
        "files": [
            "config/packages/prod/sentry.yaml"
        ]
    },
    "social-links/social-links": {
        "version": "v1.15.1"
    },
    "stof/doctrine-extensions-bundle": {
        "version": "1.7",
        "recipe": {
            "repo": "github.com/symfony/recipes-contrib",
            "branch": "main",
            "version": "1.2",
            "ref": "e805aba9eff5372e2d149a9ff56566769e22819d"
        },
        "files": [
            "config/packages/stof_doctrine_extensions.yaml"
        ]
    },
    "symfony/apache-pack": {
        "version": "1.0",
        "recipe": {
            "repo": "github.com/symfony/recipes-contrib",
            "branch": "master",
            "version": "1.0",
            "ref": "9d254a22efca7264203eea98b866f16f944b2f09"
        },
        "files": [
            "public/.htaccess"
        ]
    },
    "symfony/asset": {
        "version": "v5.1.5"
    },
    "symfony/browser-kit": {
        "version": "v5.1.5"
    },
    "symfony/cache": {
        "version": "v5.1.5"
    },
    "symfony/cache-contracts": {
        "version": "v2.2.0"
    },
    "symfony/config": {
        "version": "v5.1.5"
    },
    "symfony/console": {
        "version": "6.0",
        "recipe": {
            "repo": "github.com/symfony/recipes",
            "branch": "main",
            "version": "5.3",
            "ref": "da0c8be8157600ad34f10ff0c9cc91232522e047"
        },
        "files": [
            "bin/console"
        ]
    },
    "symfony/css-selector": {
        "version": "v5.1.5"
    },
    "symfony/debug-bundle": {
        "version": "6.0",
        "recipe": {
            "repo": "github.com/symfony/recipes",
            "branch": "main",
            "version": "5.3",
            "ref": "5aa8aa48234c8eb6dbdd7b3cd5d791485d2cec4b"
        },
        "files": [
            "config/packages/debug.yaml"
        ]
    },
    "symfony/dependency-injection": {
        "version": "v5.1.5"
    },
    "symfony/deprecation-contracts": {
        "version": "v2.2.0"
    },
    "symfony/doctrine-bridge": {
        "version": "v5.1.5"
    },
    "symfony/dom-crawler": {
        "version": "v5.1.5"
    },
    "symfony/dotenv": {
        "version": "v5.1.5"
    },
    "symfony/error-handler": {
        "version": "v5.1.5"
    },
    "symfony/event-dispatcher": {
        "version": "v5.1.5"
    },
    "symfony/event-dispatcher-contracts": {
        "version": "v2.2.0"
    },
    "symfony/expression-language": {
        "version": "v5.1.5"
    },
    "symfony/filesystem": {
        "version": "v5.1.5"
    },
    "symfony/finder": {
        "version": "v5.1.5"
    },
    "symfony/flex": {
        "version": "2.2",
        "recipe": {
            "repo": "github.com/symfony/recipes",
            "branch": "main",
            "version": "1.0",
            "ref": "146251ae39e06a95be0fe3d13c807bcf3938b172"
        },
        "files": [
            ".env"
        ]
    },
    "symfony/form": {
        "version": "v5.1.5"
    },
    "symfony/framework-bundle": {
        "version": "6.0",
        "recipe": {
            "repo": "github.com/symfony/recipes",
            "branch": "main",
            "version": "5.4",
            "ref": "3cd216a4d007b78d8554d44a5b1c0a446dab24fb"
        },
        "files": [
            "config/packages/cache.yaml",
            "config/packages/framework.yaml",
            "config/preload.php",
            "config/routes/framework.yaml",
            "config/services.yaml",
            "public/index.php",
            "src/Controller/.gitignore",
            "src/Kernel.php"
        ]
    },
    "symfony/http-client": {
        "version": "v5.1.5"
    },
    "symfony/http-client-contracts": {
        "version": "v2.2.0"
    },
    "symfony/http-foundation": {
        "version": "v5.1.5"
    },
    "symfony/http-kernel": {
        "version": "v5.1.5"
    },
    "symfony/intl": {
        "version": "v5.1.5"
    },
    "symfony/mailer": {
        "version": "6.0",
        "recipe": {
            "repo": "github.com/symfony/recipes",
            "branch": "main",
            "version": "4.3",
            "ref": "97a61eabb351d7f6cb7702039bcfe07fe9d7e03c"
        },
        "files": [
            "config/packages/mailer.yaml"
        ]
    },
    "symfony/maker-bundle": {
        "version": "1.0",
        "recipe": {
            "repo": "github.com/symfony/recipes",
            "branch": "master",
            "version": "1.0",
            "ref": "fadbfe33303a76e25cb63401050439aa9b1a9c7f"
        }
    },
    "symfony/messenger": {
        "version": "6.0",
        "recipe": {
            "repo": "github.com/symfony/recipes",
            "branch": "main",
            "version": "6.0",
            "ref": "2523f7d31488903e247a522e760dc279be7f7aaf"
        },
        "files": [
            "config/packages/messenger.yaml"
        ]
    },
    "symfony/mime": {
        "version": "v5.1.5"
    },
    "symfony/monolog-bridge": {
        "version": "v5.1.5"
    },
    "symfony/monolog-bundle": {
        "version": "3.8",
        "recipe": {
            "repo": "github.com/symfony/recipes",
            "branch": "main",
            "version": "3.7",
            "ref": "213676c4ec929f046dfde5ea8e97625b81bc0578"
        },
        "files": [
            "config/packages/monolog.yaml"
        ]
    },
    "symfony/options-resolver": {
        "version": "v5.1.5"
    },
    "symfony/password-hasher": {
        "version": "v5.3.0"
    },
    "symfony/phpunit-bridge": {
        "version": "5.4",
        "recipe": {
            "repo": "github.com/symfony/recipes",
            "branch": "main",
            "version": "5.3",
            "ref": "97cb3dc7b0f39c7cfc4b7553504c9d7b7795de96"
        },
        "files": [
            ".env.test",
            "bin/phpunit",
            "phpunit.xml.dist",
            "tests/bootstrap.php"
        ]
    },
    "symfony/polyfill-apcu": {
        "version": "v1.18.1"
    },
    "symfony/polyfill-ctype": {
        "version": "v1.18.1"
    },
    "symfony/polyfill-intl-grapheme": {
        "version": "v1.18.1"
    },
    "symfony/polyfill-intl-icu": {
        "version": "v1.18.1"
    },
    "symfony/polyfill-intl-idn": {
        "version": "v1.18.1"
    },
    "symfony/polyfill-intl-normalizer": {
        "version": "v1.18.1"
    },
    "symfony/polyfill-mbstring": {
        "version": "v1.18.1"
    },
    "symfony/polyfill-php72": {
        "version": "v1.18.1"
    },
    "symfony/polyfill-php73": {
        "version": "v1.18.1"
    },
    "symfony/polyfill-php80": {
        "version": "v1.18.1"
    },
    "symfony/polyfill-php81": {
        "version": "v1.23.0"
    },
    "symfony/polyfill-uuid": {
        "version": "v1.18.1"
    },
    "symfony/process": {
        "version": "v5.1.5"
    },
    "symfony/property-access": {
        "version": "v5.1.5"
    },
    "symfony/property-info": {
        "version": "v5.1.5"
    },
    "symfony/proxy-manager-bridge": {
        "version": "v5.2.1"
    },
    "symfony/psr-http-message-bridge": {
        "version": "2.1",
        "recipe": {
            "repo": "github.com/symfony/recipes",
            "branch": "master",
            "version": "2.1",
            "ref": "df8ec1e90aec60d301ec59a22093fc3febedb795"
        },
        "files": [
            "config/packages/psr_http_message_bridge.yaml"
        ]
    },
    "symfony/routing": {
        "version": "6.0",
        "recipe": {
            "repo": "github.com/symfony/recipes",
            "branch": "main",
            "version": "6.0",
            "ref": "eb3b377a4dc07006c4bdb2c773652cc9434f5246"
        },
        "files": [
            "config/packages/routing.yaml",
            "config/routes.yaml"
        ]
    },
    "symfony/security-bundle": {
        "version": "6.0",
        "recipe": {
            "repo": "github.com/symfony/recipes",
            "branch": "main",
            "version": "6.0",
            "ref": "8a5b112826f7d3d5b07027f93786ae11a1c7de48"
        },
        "files": [
            "config/packages/security.yaml"
        ]
    },
    "symfony/security-core": {
        "version": "v5.1.5"
    },
    "symfony/security-csrf": {
        "version": "v5.1.5"
    },
    "symfony/security-http": {
        "version": "v5.1.5"
    },
    "symfony/service-contracts": {
        "version": "v2.2.0"
    },
    "symfony/stopwatch": {
        "version": "v5.1.5"
    },
    "symfony/string": {
        "version": "v5.1.5"
    },
    "symfony/translation": {
        "version": "6.0",
        "recipe": {
            "repo": "github.com/symfony/recipes",
            "branch": "main",
            "version": "5.3",
            "ref": "da64f5a2b6d96f5dc24914517c0350a5f91dee43"
        },
        "files": [
            "config/packages/translation.yaml",
            "translations/.gitignore"
        ]
    },
    "symfony/translation-contracts": {
        "version": "v2.2.0"
    },
    "symfony/twig-bridge": {
        "version": "v5.1.5"
    },
    "symfony/twig-bundle": {
        "version": "6.0",
        "recipe": {
            "repo": "github.com/symfony/recipes",
            "branch": "main",
            "version": "5.4",
            "ref": "bb2178c57eee79e6be0b297aa96fc0c0def81387"
        },
        "files": [
            "config/packages/twig.yaml",
            "templates/base.html.twig"
        ]
    },
    "symfony/uid": {
        "version": "v5.1.5"
    },
    "symfony/validator": {
        "version": "6.0",
        "recipe": {
            "repo": "github.com/symfony/recipes",
            "branch": "main",
            "version": "5.3",
            "ref": "c32cfd98f714894c4f128bb99aa2530c1227603c"
        },
        "files": [
            "config/packages/validator.yaml"
        ]
    },
    "symfony/var-dumper": {
        "version": "v5.1.5"
    },
    "symfony/var-exporter": {
        "version": "v5.1.5"
    },
    "symfony/web-link": {
        "version": "v5.1.5"
    },
    "symfony/web-profiler-bundle": {
        "version": "6.0",
        "recipe": {
            "repo": "github.com/symfony/recipes",
            "branch": "main",
            "version": "5.3",
            "ref": "24bbc3d84ef2f427f82104f766014e799eefcc3e"
        },
        "files": [
            "config/packages/web_profiler.yaml",
            "config/routes/web_profiler.yaml"
        ]
    },
    "symfony/webpack-encore-bundle": {
        "version": "1.15",
        "recipe": {
            "repo": "github.com/symfony/recipes",
            "branch": "main",
            "version": "1.10",
            "ref": "2e458cc7e6f1df1dad890eb104b81e4f302c9bd4"
        },
        "files": [
            "assets/app.js",
            "assets/bootstrap.js",
            "assets/controllers.json",
            "assets/controllers/hello_controller.js",
            "assets/styles/app.css",
            "config/packages/webpack_encore.yaml",
            "package.json",
            "webpack.config.js"
        ]
    },
    "symfony/yaml": {
        "version": "v5.1.5"
    },
    "symfonycasts/reset-password-bundle": {
        "version": "1.0",
        "recipe": {
            "repo": "github.com/symfony/recipes",
            "branch": "master",
            "version": "1.0",
            "ref": "97c1627c0384534997ae1047b93be517ca16de43"
        },
        "files": [
            "config/packages/reset_password.yaml"
        ]
    },
    "symfonycasts/verify-email-bundle": {
        "version": "v1.10.0"
    },
    "theseer/tokenizer": {
        "version": "1.2.0"
    },
    "twig/extra-bundle": {
        "version": "v3.4.0"
    },
    "twig/intl-extra": {
        "version": "v3.0.5"
    },
    "twig/twig": {
        "version": "v3.0.5"
    },
    "vich/uploader-bundle": {
        "version": "1.5",
        "recipe": {
            "repo": "github.com/symfony/recipes-contrib",
            "branch": "master",
            "version": "1.5",
            "ref": "c4f5755b37fb65b9c6a3cbdae91205c15a137ed4"
        }
    },
    "vimeo/psalm": {
        "version": "4.8.1"
    },
    "webmozart/assert": {
        "version": "1.9.1"
    }
}
